
Microsoft Visual Studio Solution File, Format Version 12.00
# Visual Studio Version 17
VisualStudioVersion = 17.8.34330.188
MinimumVisualStudioVersion = 10.0.40219.1
Project("{FAE04EC0-301F-11D3-BF4B-00C04F79EFBC}") = "CountPosets2405", "CountPosets2405\CountPosets2405.csproj", "{89D2ED1B-A786-43E8-BA0E-C35E400A0C01}"
EndProject
Global
	GlobalSection(SolutionConfigurationPlatforms) = preSolution
		Debug|Any CPU = Debug|Any CPU
		Release|Any CPU = Release|Any CPU
	EndGlobalSection
	GlobalSection(ProjectConfigurationPlatforms) = postSolution
		{89D2ED1B-A786-43E8-BA0E-C35E400A0C01}.Debug|Any CPU.ActiveCfg = Debug|Any CPU
		{89D2ED1B-A786-43E8-BA0E-C35E400A0C01}.Debug|Any CPU.Build.0 = Debug|Any CPU
		{89D2ED1B-A786-43E8-BA0E-C35E400A0C01}.Release|Any CPU.ActiveCfg = Release|Any CPU
		{89D2ED1B-A786-43E8-BA0E-C35E400A0C01}.Release|Any CPU.Build.0 = Release|Any CPU
	EndGlobalSection
	GlobalSection(SolutionProperties) = preSolution
		HideSolutionNode = FALSE
	EndGlobalSection
	GlobalSection(ExtensibilityGlobals) = postSolution
		SolutionGuid = {88E29672-4781-43F5-B4AA-4AF8AC91A966}
	EndGlobalSection
EndGlobal
